
Microsoft Visual Studio Solution File, Format Version 12.00
# Visual Studio 15
VisualStudioVersion = 15.0.28307.106
MinimumVisualStudioVersion = 10.0.40219.1
Project("{FAE04EC0-301F-11D3-BF4B-00C04F79EFBC}") = "Easton.Android", "Easton\Easton.Android\Easton.Android.csproj", "{F99C13F8-5026-4F29-907C-7EFB6D8E0DED}"
EndProject
Project("{FAE04EC0-301F-11D3-BF4B-00C04F79EFBC}") = "Easton.iOS", "Easton\Easton.iOS\Easton.iOS.csproj", "{5636E95A-95CC-4D01-982B-6A1CE8812180}"
EndProject
Project("{FAE04EC0-301F-11D3-BF4B-00C04F79EFBC}") = "Easton.UWP", "Easton\Easton.UWP\Easton.UWP.csproj", "{21AFF87E-000F-4A29-A352-2E305B22A52A}"
EndProject
Project("{FAE04EC0-301F-11D3-BF4B-00C04F79EFBC}") = "Easton", "Easton\Easton\Easton.csproj", "{58B4A6FF-E71C-4EF3-8483-D3AD0BB5FB91}"
EndProject
Global
	GlobalSection(SolutionConfigurationPlatforms) = preSolution
		Ad-Hoc|Any CPU = Ad-Hoc|Any CPU
		Ad-Hoc|ARM = Ad-Hoc|ARM
		Ad-Hoc|iPhone = Ad-Hoc|iPhone
		Ad-Hoc|iPhoneSimulator = Ad-Hoc|iPhoneSimulator
		Ad-Hoc|x64 = Ad-Hoc|x64
		Ad-Hoc|x86 = Ad-Hoc|x86
		AppStore|Any CPU = AppStore|Any CPU
		AppStore|ARM = AppStore|ARM
		AppStore|iPhone = AppStore|iPhone
		AppStore|iPhoneSimulator = AppStore|iPhoneSimulator
		AppStore|x64 = AppStore|x64
		AppStore|x86 = AppStore|x86
		Debug|Any CPU = Debug|Any CPU
		Debug|ARM = Debug|ARM
		Debug|iPhone = Debug|iPhone
		Debug|iPhoneSimulator = Debug|iPhoneSimulator
		Debug|x64 = Debug|x64
		Debug|x86 = Debug|x86
		Release|Any CPU = Release|Any CPU
		Release|ARM = Release|ARM
		Release|iPhone = Release|iPhone
		Release|iPhoneSimulator = Release|iPhoneSimulator
		Release|x64 = Release|x64
		Release|x86 = Release|x86
	EndGlobalSection
	GlobalSection(ProjectConfigurationPlatforms) = postSolution
		{F99C13F8-5026-4F29-907C-7EFB6D8E0DED}.Ad-Hoc|Any CPU.ActiveCfg = Release|Any CPU
		{F99C13F8-5026-4F29-907C-7EFB6D8E0DED}.Ad-Hoc|Any CPU.Build.0 = Release|Any CPU
		{F99C13F8-5026-4F29-907C-7EFB6D8E0DED}.Ad-Hoc|Any CPU.Deploy.0 = Release|Any CPU
		{F99C13F8-5026-4F29-907C-7EFB6D8E0DED}.Ad-Hoc|ARM.ActiveCfg = Release|Any CPU
		{F99C13F8-5026-4F29-907C-7EFB6D8E0DED}.Ad-Hoc|ARM.Build.0 = Release|Any CPU
		{F99C13F8-5026-4F29-907C-7EFB6D8E0DED}.Ad-Hoc|ARM.Deploy.0 = Release|Any CPU
		{F99C13F8-5026-4F29-907C-7EFB6D8E0DED}.Ad-Hoc|iPhone.ActiveCfg = Release|Any CPU
		{F99C13F8-5026-4F29-907C-7EFB6D8E0DED}.Ad-Hoc|iPhone.Build.0 = Release|Any CPU
		{F99C13F8-5026-4F29-907C-7EFB6D8E0DED}.Ad-Hoc|iPhone.Deploy.0 = Release|Any CPU
		{F99C13F8-5026-4F29-907C-7EFB6D8E0DED}.Ad-Hoc|iPhoneSimulator.ActiveCfg = Release|Any CPU
		{F99C13F8-5026-4F29-907C-7EFB6D8E0DED}.Ad-Hoc|iPhoneSimulator.Build.0 = Release|Any CPU
		{F99C13F8-5026-4F29-907C-7EFB6D8E0DED}.Ad-Hoc|iPhoneSimulator.Deploy.0 = Release|Any CPU
		{F99C13F8-5026-4F29-907C-7EFB6D8E0DED}.Ad-Hoc|x64.ActiveCfg = Release|Any CPU
		{F99C13F8-5026-4F29-907C-7EFB6D8E0DED}.Ad-Hoc|x64.Build.0 = Release|Any CPU
		{F99C13F8-5026-4F29-907C-7EFB6D8E0DED}.Ad-Hoc|x64.Deploy.0 = Release|Any CPU
		{F99C13F8-5026-4F29-907C-7EFB6D8E0DED}.Ad-Hoc|x86.ActiveCfg = Release|Any CPU
		{F99C13F8-5026-4F29-907C-7EFB6D8E0DED}.Ad-Hoc|x86.Build.0 = Release|Any CPU
		{F99C13F8-5026-4F29-907C-7EFB6D8E0DED}.Ad-Hoc|x86.Deploy.0 = Release|Any CPU
		{F99C13F8-5026-4F29-907C-7EFB6D8E0DED}.AppStore|Any CPU.ActiveCfg = Release|Any CPU
		{F99C13F8-5026-4F29-907C-7EFB6D8E0DED}.AppStore|Any CPU.Build.0 = Release|Any CPU
		{F99C13F8-5026-4F29-907C-7EFB6D8E0DED}.AppStore|Any CPU.Deploy.0 = Release|Any CPU
		{F99C13F8-5026-4F29-907C-7EFB6D8E0DED}.AppStore|ARM.ActiveCfg = Release|Any CPU
		{F99C13F8-5026-4F29-907C-7EFB6D8E0DED}.AppStore|ARM.Build.0 = Release|Any CPU
		{F99C13F8-5026-4F29-907C-7EFB6D8E0DED}.AppStore|ARM.Deploy.0 = Release|Any CPU
		{F99C13F8-5026-4F29-907C-7EFB6D8E0DED}.AppStore|iPhone.ActiveCfg = Release|Any CPU
		{F99C13F8-5026-4F29-907C-7EFB6D8E0DED}.AppStore|iPhone.Build.0 = Release|Any CPU
		{F99C13F8-5026-4F29-907C-7EFB6D8E0DED}.AppStore|iPhone.Deploy.0 = Release|Any CPU
		{F99C13F8-5026-4F29-907C-7EFB6D8E0DED}.AppStore|iPhoneSimulator.ActiveCfg = Release|Any CPU
		{F99C13F8-5026-4F29-907C-7EFB6D8E0DED}.AppStore|iPhoneSimulator.Build.0 = Release|Any CPU
		{F99C13F8-5026-4F29-907C-7EFB6D8E0DED}.AppStore|iPhoneSimulator.Deploy.0 = Release|Any CPU
		{F99C13F8-5026-4F29-907C-7EFB6D8E0DED}.AppStore|x64.ActiveCfg = Release|Any CPU
		{F99C13F8-5026-4F29-907C-7EFB6D8E0DED}.AppStore|x64.Build.0 = Release|Any CPU
		{F99C13F8-5026-4F29-907C-7EFB6D8E0DED}.AppStore|x64.Deploy.0 = Release|Any CPU
		{F99C13F8-5026-4F29-907C-7EFB6D8E0DED}.AppStore|x86.ActiveCfg = Release|Any CPU
		{F99C13F8-5026-4F29-907C-7EFB6D8E0DED}.AppStore|x86.Build.0 = Release|Any CPU
		{F99C13F8-5026-4F29-907C-7EFB6D8E0DED}.AppStore|x86.Deploy.0 = Release|Any CPU
		{F99C13F8-5026-4F29-907C-7EFB6D8E0DED}.Debug|Any CPU.ActiveCfg = Debug|Any CPU
		{F99C13F8-5026-4F29-907C-7EFB6D8E0DED}.Debug|Any CPU.Build.0 = Debug|Any CPU
		{F99C13F8-5026-4F29-907C-7EFB6D8E0DED}.Debug|Any CPU.Deploy.0 = Debug|Any CPU
		{F99C13F8-5026-4F29-907C-7EFB6D8E0DED}.Debug|ARM.ActiveCfg = Debug|Any CPU
		{F99C13F8-5026-4F29-907C-7EFB6D8E0DED}.Debug|ARM.Build.0 = Debug|Any CPU
		{F99C13F8-5026-4F29-907C-7EFB6D8E0DED}.Debug|ARM.Deploy.0 = Debug|Any CPU
		{F99C13F8-5026-4F29-907C-7EFB6D8E0DED}.Debug|iPhone.ActiveCfg = Debug|Any CPU
		{F99C13F8-5026-4F29-907C-7EFB6D8E0DED}.Debug|iPhone.Build.0 = Debug|Any CPU
		{F99C13F8-5026-4F29-907C-7EFB6D8E0DED}.Debug|iPhone.Deploy.0 = Debug|Any CPU
		{F99C13F8-5026-4F29-907C-7EFB6D8E0DED}.Debug|iPhoneSimulator.ActiveCfg = Debug|Any CPU
		{F99C13F8-5026-4F29-907C-7EFB6D8E0DED}.Debug|iPhoneSimulator.Build.0 = Debug|Any CPU
		{F99C13F8-5026-4F29-907C-7EFB6D8E0DED}.Debug|iPhoneSimulator.Deploy.0 = Debug|Any CPU
		{F99C13F8-5026-4F29-907C-7EFB6D8E0DED}.Debug|x64.ActiveCfg = Debug|Any CPU
		{F99C13F8-5026-4F29-907C-7EFB6D8E0DED}.Debug|x64.Build.0 = Debug|Any CPU
		{F99C13F8-5026-4F29-907C-7EFB6D8E0DED}.Debug|x64.Deploy.0 = Debug|Any CPU
		{F99C13F8-5026-4F29-907C-7EFB6D8E0DED}.Debug|x86.ActiveCfg = Debug|Any CPU
		{F99C13F8-5026-4F29-907C-7EFB6D8E0DED}.Debug|x86.Build.0 = Debug|Any CPU
		{F99C13F8-5026-4F29-907C-7EFB6D8E0DED}.Debug|x86.Deploy.0 = Debug|Any CPU
		{F99C13F8-5026-4F29-907C-7EFB6D8E0DED}.Release|Any CPU.ActiveCfg = Release|Any CPU
		{F99C13F8-5026-4F29-907C-7EFB6D8E0DED}.Release|Any CPU.Build.0 = Release|Any CPU
		{F99C13F8-5026-4F29-907C-7EFB6D8E0DED}.Release|Any CPU.Deploy.0 = Release|Any CPU
		{F99C13F8-5026-4F29-907C-7EFB6D8E0DED}.Release|ARM.ActiveCfg = Release|Any CPU
		{F99C13F8-5026-4F29-907C-7EFB6D8E0DED}.Release|ARM.Build.0 = Release|Any CPU
		{F99C13F8-5026-4F29-907C-7EFB6D8E0DED}.Release|ARM.Deploy.0 = Release|Any CPU
		{F99C13F8-5026-4F29-907C-7EFB6D8E0DED}.Release|iPhone.ActiveCfg = Release|Any CPU
		{F99C13F8-5026-4F29-907C-7EFB6D8E0DED}.Release|iPhone.Build.0 = Release|Any CPU
		{F99C13F8-5026-4F29-907C-7EFB6D8E0DED}.Release|iPhone.Deploy.0 = Release|Any CPU
		{F99C13F8-5026-4F29-907C-7EFB6D8E0DED}.Release|iPhoneSimulator.ActiveCfg = Release|Any CPU
		{F99C13F8-5026-4F29-907C-7EFB6D8E0DED}.Release|iPhoneSimulator.Build.0 = Release|Any CPU
		{F99C13F8-5026-4F29-907C-7EFB6D8E0DED}.Release|iPhoneSimulator.Deploy.0 = Release|Any CPU
		{F99C13F8-5026-4F29-907C-7EFB6D8E0DED}.Release|x64.ActiveCfg = Release|Any CPU
		{F99C13F8-5026-4F29-907C-7EFB6D8E0DED}.Release|x64.Build.0 = Release|Any CPU
		{F99C13F8-5026-4F29-907C-7EFB6D8E0DED}.Release|x64.Deploy.0 = Release|Any CPU
		{F99C13F8-5026-4F29-907C-7EFB6D8E0DED}.Release|x86.ActiveCfg = Release|Any CPU
		{F99C13F8-5026-4F29-907C-7EFB6D8E0DED}.Release|x86.Build.0 = Release|Any CPU
		{F99C13F8-5026-4F29-907C-7EFB6D8E0DED}.Release|x86.Deploy.0 = Release|Any CPU
		{5636E95A-95CC-4D01-982B-6A1CE8812180}.Ad-Hoc|Any CPU.ActiveCfg = Ad-Hoc|iPhone
		{5636E95A-95CC-4D01-982B-6A1CE8812180}.Ad-Hoc|Any CPU.Build.0 = Ad-Hoc|iPhone
		{5636E95A-95CC-4D01-982B-6A1CE8812180}.Ad-Hoc|Any CPU.Deploy.0 = Ad-Hoc|iPhone
		{5636E95A-95CC-4D01-982B-6A1CE8812180}.Ad-Hoc|ARM.ActiveCfg = Ad-Hoc|iPhone
		{5636E95A-95CC-4D01-982B-6A1CE8812180}.Ad-Hoc|ARM.Build.0 = Ad-Hoc|iPhone
		{5636E95A-95CC-4D01-982B-6A1CE8812180}.Ad-Hoc|ARM.Deploy.0 = Ad-Hoc|iPhone
		{5636E95A-95CC-4D01-982B-6A1CE8812180}.Ad-Hoc|iPhone.ActiveCfg = Ad-Hoc|iPhone
		{5636E95A-95CC-4D01-982B-6A1CE8812180}.Ad-Hoc|iPhone.Build.0 = Ad-Hoc|iPhone
		{5636E95A-95CC-4D01-982B-6A1CE8812180}.Ad-Hoc|iPhone.Deploy.0 = Ad-Hoc|iPhone
		{5636E95A-95CC-4D01-982B-6A1CE8812180}.Ad-Hoc|iPhoneSimulator.ActiveCfg = Ad-Hoc|iPhoneSimulator
		{5636E95A-95CC-4D01-982B-6A1CE8812180}.Ad-Hoc|iPhoneSimulator.Build.0 = Ad-Hoc|iPhoneSimulator
		{5636E95A-95CC-4D01-982B-6A1CE8812180}.Ad-Hoc|iPhoneSimulator.Deploy.0 = Ad-Hoc|iPhoneSimulator
		{5636E95A-95CC-4D01-982B-6A1CE8812180}.Ad-Hoc|x64.ActiveCfg = Ad-Hoc|iPhone
		{5636E95A-95CC-4D01-982B-6A1CE8812180}.Ad-Hoc|x64.Build.0 = Ad-Hoc|iPhone
		{5636E95A-95CC-4D01-982B-6A1CE8812180}.Ad-Hoc|x64.Deploy.0 = Ad-Hoc|iPhone
		{5636E95A-95CC-4D01-982B-6A1CE8812180}.Ad-Hoc|x86.ActiveCfg = Ad-Hoc|iPhone
		{5636E95A-95CC-4D01-982B-6A1CE8812180}.Ad-Hoc|x86.Build.0 = Ad-Hoc|iPhone
		{5636E95A-95CC-4D01-982B-6A1CE8812180}.Ad-Hoc|x86.Deploy.0 = Ad-Hoc|iPhone
		{5636E95A-95CC-4D01-982B-6A1CE8812180}.AppStore|Any CPU.ActiveCfg = AppStore|iPhone
		{5636E95A-95CC-4D01-982B-6A1CE8812180}.AppStore|Any CPU.Build.0 = AppStore|iPhone
		{5636E95A-95CC-4D01-982B-6A1CE8812180}.AppStore|Any CPU.Deploy.0 = AppStore|iPhone
		{5636E95A-95CC-4D01-982B-6A1CE8812180}.AppStore|ARM.ActiveCfg = AppStore|iPhone
		{5636E95A-95CC-4D01-982B-6A1CE8812180}.AppStore|ARM.Build.0 = AppStore|iPhone
		{5636E95A-95CC-4D01-982B-6A1CE8812180}.AppStore|ARM.Deploy.0 = AppStore|iPhone
		{5636E95A-95CC-4D01-982B-6A1CE8812180}.AppStore|iPhone.ActiveCfg = AppStore|iPhone
		{5636E95A-95CC-4D01-982B-6A1CE8812180}.AppStore|iPhone.Build.0 = AppStore|iPhone
		{5636E95A-95CC-4D01-982B-6A1CE8812180}.AppStore|iPhone.Deploy.0 = AppStore|iPhone
		{5636E95A-95CC-4D01-982B-6A1CE8812180}.AppStore|iPhoneSimulator.ActiveCfg = AppStore|iPhoneSimulator
		{5636E95A-95CC-4D01-982B-6A1CE8812180}.AppStore|iPhoneSimulator.Build.0 = AppStore|iPhoneSimulator
		{5636E95A-95CC-4D01-982B-6A1CE8812180}.AppStore|iPhoneSimulator.Deploy.0 = AppStore|iPhoneSimulator
		{5636E95A-95CC-4D01-982B-6A1CE8812180}.AppStore|x64.ActiveCfg = AppStore|iPhone
		{5636E95A-95CC-4D01-982B-6A1CE8812180}.AppStore|x64.Build.0 = AppStore|iPhone
		{5636E95A-95CC-4D01-982B-6A1CE8812180}.AppStore|x64.Deploy.0 = AppStore|iPhone
		{5636E95A-95CC-4D01-982B-6A1CE8812180}.AppStore|x86.ActiveCfg = AppStore|iPhone
		{5636E95A-95CC-4D01-982B-6A1CE8812180}.AppStore|x86.Build.0 = AppStore|iPhone
		{5636E95A-95CC-4D01-982B-6A1CE8812180}.AppStore|x86.Deploy.0 = AppStore|iPhone
		{5636E95A-95CC-4D01-982B-6A1CE8812180}.Debug|Any CPU.ActiveCfg = Debug|iPhoneSimulator
		{5636E95A-95CC-4D01-982B-6A1CE8812180}.Debug|Any CPU.Build.0 = Debug|iPhoneSimulator
		{5636E95A-95CC-4D01-982B-6A1CE8812180}.Debug|Any CPU.Deploy.0 = Debug|iPhoneSimulator
		{5636E95A-95CC-4D01-982B-6A1CE8812180}.Debug|ARM.ActiveCfg = Debug|iPhone
		{5636E95A-95CC-4D01-982B-6A1CE8812180}.Debug|ARM.Build.0 = Debug|iPhone
		{5636E95A-95CC-4D01-982B-6A1CE8812180}.Debug|ARM.Deploy.0 = Debug|iPhone
		{5636E95A-95CC-4D01-982B-6A1CE8812180}.Debug|iPhone.ActiveCfg = Debug|iPhone
		{5636E95A-95CC-4D01-982B-6A1CE8812180}.Debug|iPhone.Build.0 = Debug|iPhone
		{5636E95A-95CC-4D01-982B-6A1CE8812180}.Debug|iPhone.Deploy.0 = Debug|iPhone
		{5636E95A-95CC-4D01-982B-6A1CE8812180}.Debug|iPhoneSimulator.ActiveCfg = Debug|iPhoneSimulator
		{5636E95A-95CC-4D01-982B-6A1CE8812180}.Debug|iPhoneSimulator.Build.0 = Debug|iPhoneSimulator
		{5636E95A-95CC-4D01-982B-6A1CE8812180}.Debug|iPhoneSimulator.Deploy.0 = Debug|iPhoneSimulator
		{5636E95A-95CC-4D01-982B-6A1CE8812180}.Debug|x64.ActiveCfg = Debug|iPhone
		{5636E95A-95CC-4D01-982B-6A1CE8812180}.Debug|x64.Build.0 = Debug|iPhone
		{5636E95A-95CC-4D01-982B-6A1CE8812180}.Debug|x64.Deploy.0 = Debug|iPhone
		{5636E95A-95CC-4D01-982B-6A1CE8812180}.Debug|x86.ActiveCfg = Debug|iPhone
		{5636E95A-95CC-4D01-982B-6A1CE8812180}.Debug|x86.Build.0 = Debug|iPhone
		{5636E95A-95CC-4D01-982B-6A1CE8812180}.Debug|x86.Deploy.0 = Debug|iPhone
		{5636E95A-95CC-4D01-982B-6A1CE8812180}.Release|Any CPU.ActiveCfg = Release|iPhone
		{5636E95A-95CC-4D01-982B-6A1CE8812180}.Release|Any CPU.Build.0 = Release|iPhone
		{5636E95A-95CC-4D01-982B-6A1CE8812180}.Release|Any CPU.Deploy.0 = Release|iPhone
		{5636E95A-95CC-4D01-982B-6A1CE8812180}.Release|ARM.ActiveCfg = Release|iPhone
		{5636E95A-95CC-4D01-982B-6A1CE8812180}.Release|ARM.Build.0 = Release|iPhone
		{5636E95A-95CC-4D01-982B-6A1CE8812180}.Release|ARM.Deploy.0 = Release|iPhone
		{5636E95A-95CC-4D01-982B-6A1CE8812180}.Release|iPhone.ActiveCfg = Release|iPhone
		{5636E95A-95CC-4D01-982B-6A1CE8812180}.Release|iPhone.Build.0 = Release|iPhone
		{5636E95A-95CC-4D01-982B-6A1CE8812180}.Release|iPhone.Deploy.0 = Release|iPhone
		{5636E95A-95CC-4D01-982B-6A1CE8812180}.Release|iPhoneSimulator.ActiveCfg = Release|iPhoneSimulator
		{5636E95A-95CC-4D01-982B-6A1CE8812180}.Release|iPhoneSimulator.Build.0 = Release|iPhoneSimulator
		{5636E95A-95CC-4D01-982B-6A1CE8812180}.Release|iPhoneSimulator.Deploy.0 = Release|iPhoneSimulator
		{5636E95A-95CC-4D01-982B-6A1CE8812180}.Release|x64.ActiveCfg = Release|iPhone
		{5636E95A-95CC-4D01-982B-6A1CE8812180}.Release|x64.Build.0 = Release|iPhone
		{5636E95A-95CC-4D01-982B-6A1CE8812180}.Release|x64.Deploy.0 = Release|iPhone
		{5636E95A-95CC-4D01-982B-6A1CE8812180}.Release|x86.ActiveCfg = Release|iPhone
		{5636E95A-95CC-4D01-982B-6A1CE8812180}.Release|x86.Build.0 = Release|iPhone
		{5636E95A-95CC-4D01-982B-6A1CE8812180}.Release|x86.Deploy.0 = Release|iPhone
		{21AFF87E-000F-4A29-A352-2E305B22A52A}.Ad-Hoc|Any CPU.ActiveCfg = Release|x86
		{21AFF87E-000F-4A29-A352-2E305B22A52A}.Ad-Hoc|Any CPU.Build.0 = Release|x86
		{21AFF87E-000F-4A29-A352-2E305B22A52A}.Ad-Hoc|Any CPU.Deploy.0 = Release|x86
		{21AFF87E-000F-4A29-A352-2E305B22A52A}.Ad-Hoc|ARM.ActiveCfg = Release|ARM
		{21AFF87E-000F-4A29-A352-2E305B22A52A}.Ad-Hoc|ARM.Build.0 = Release|ARM
		{21AFF87E-000F-4A29-A352-2E305B22A52A}.Ad-Hoc|ARM.Deploy.0 = Release|ARM
		{21AFF87E-000F-4A29-A352-2E305B22A52A}.Ad-Hoc|iPhone.ActiveCfg = Release|x86
		{21AFF87E-000F-4A29-A352-2E305B22A52A}.Ad-Hoc|iPhone.Build.0 = Release|x86
		{21AFF87E-000F-4A29-A352-2E305B22A52A}.Ad-Hoc|iPhone.Deploy.0 = Release|x86
		{21AFF87E-000F-4A29-A352-2E305B22A52A}.Ad-Hoc|iPhoneSimulator.ActiveCfg = Release|x86
		{21AFF87E-000F-4A29-A352-2E305B22A52A}.Ad-Hoc|iPhoneSimulator.Build.0 = Release|x86
		{21AFF87E-000F-4A29-A352-2E305B22A52A}.Ad-Hoc|iPhoneSimulator.Deploy.0 = Release|x86
		{21AFF87E-000F-4A29-A352-2E305B22A52A}.Ad-Hoc|x64.ActiveCfg = Release|x64
		{21AFF87E-000F-4A29-A352-2E305B22A52A}.Ad-Hoc|x64.Build.0 = Release|x64
		{21AFF87E-000F-4A29-A352-2E305B22A52A}.Ad-Hoc|x64.Deploy.0 = Release|x64
		{21AFF87E-000F-4A29-A352-2E305B22A52A}.Ad-Hoc|x86.ActiveCfg = Release|x86
		{21AFF87E-000F-4A29-A352-2E305B22A52A}.Ad-Hoc|x86.Build.0 = Release|x86
		{21AFF87E-000F-4A29-A352-2E305B22A52A}.Ad-Hoc|x86.Deploy.0 = Release|x86
		{21AFF87E-000F-4A29-A352-2E305B22A52A}.AppStore|Any CPU.ActiveCfg = Release|x86
		{21AFF87E-000F-4A29-A352-2E305B22A52A}.AppStore|Any CPU.Build.0 = Release|x86
		{21AFF87E-000F-4A29-A352-2E305B22A52A}.AppStore|Any CPU.Deploy.0 = Release|x86
		{21AFF87E-000F-4A29-A352-2E305B22A52A}.AppStore|ARM.ActiveCfg = Release|ARM
		{21AFF87E-000F-4A29-A352-2E305B22A52A}.AppStore|ARM.Build.0 = Release|ARM
		{21AFF87E-000F-4A29-A352-2E305B22A52A}.AppStore|ARM.Deploy.0 = Release|ARM
		{21AFF87E-000F-4A29-A352-2E305B22A52A}.AppStore|iPhone.ActiveCfg = Release|x86
		{21AFF87E-000F-4A29-A352-2E305B22A52A}.AppStore|iPhone.Build.0 = Release|x86
		{21AFF87E-000F-4A29-A352-2E305B22A52A}.AppStore|iPhone.Deploy.0 = Release|x86
		{21AFF87E-000F-4A29-A352-2E305B22A52A}.AppStore|iPhoneSimulator.ActiveCfg = Release|x86
		{21AFF87E-000F-4A29-A352-2E305B22A52A}.AppStore|iPhoneSimulator.Build.0 = Release|x86
		{21AFF87E-000F-4A29-A352-2E305B22A52A}.AppStore|iPhoneSimulator.Deploy.0 = Release|x86
		{21AFF87E-000F-4A29-A352-2E305B22A52A}.AppStore|x64.ActiveCfg = Release|x64
		{21AFF87E-000F-4A29-A352-2E305B22A52A}.AppStore|x64.Build.0 = Release|x64
		{21AFF87E-000F-4A29-A352-2E305B22A52A}.AppStore|x64.Deploy.0 = Release|x64
		{21AFF87E-000F-4A29-A352-2E305B22A52A}.AppStore|x86.ActiveCfg = Release|x86
		{21AFF87E-000F-4A29-A352-2E305B22A52A}.AppStore|x86.Build.0 = Release|x86
		{21AFF87E-000F-4A29-A352-2E305B22A52A}.AppStore|x86.Deploy.0 = Release|x86
		{21AFF87E-000F-4A29-A352-2E305B22A52A}.Debug|Any CPU.ActiveCfg = Debug|x86
		{21AFF87E-000F-4A29-A352-2E305B22A52A}.Debug|Any CPU.Build.0 = Debug|x86
		{21AFF87E-000F-4A29-A352-2E305B22A52A}.Debug|Any CPU.Deploy.0 = Debug|x86
		{21AFF87E-000F-4A29-A352-2E305B22A52A}.Debug|ARM.ActiveCfg = Debug|ARM
		{21AFF87E-000F-4A29-A352-2E305B22A52A}.Debug|ARM.Build.0 = Debug|ARM
		{21AFF87E-000F-4A29-A352-2E305B22A52A}.Debug|ARM.Deploy.0 = Debug|ARM
		{21AFF87E-000F-4A29-A352-2E305B22A52A}.Debug|iPhone.ActiveCfg = Debug|x86
		{21AFF87E-000F-4A29-A352-2E305B22A52A}.Debug|iPhone.Build.0 = Debug|x86
		{21AFF87E-000F-4A29-A352-2E305B22A52A}.Debug|iPhone.Deploy.0 = Debug|x86
		{21AFF87E-000F-4A29-A352-2E305B22A52A}.Debug|iPhoneSimulator.ActiveCfg = Debug|x86
		{21AFF87E-000F-4A29-A352-2E305B22A52A}.Debug|iPhoneSimulator.Build.0 = Debug|x86
		{21AFF87E-000F-4A29-A352-2E305B22A52A}.Debug|iPhoneSimulator.Deploy.0 = Debug|x86
		{21AFF87E-000F-4A29-A352-2E305B22A52A}.Debug|x64.ActiveCfg = Debug|x64
		{21AFF87E-000F-4A29-A352-2E305B22A52A}.Debug|x64.Build.0 = Debug|x64
		{21AFF87E-000F-4A29-A352-2E305B22A52A}.Debug|x64.Deploy.0 = Debug|x64
		{21AFF87E-000F-4A29-A352-2E305B22A52A}.Debug|x86.ActiveCfg = Debug|x86
		{21AFF87E-000F-4A29-A352-2E305B22A52A}.Debug|x86.Build.0 = Debug|x86
		{21AFF87E-000F-4A29-A352-2E305B22A52A}.Debug|x86.Deploy.0 = Debug|x86
		{21AFF87E-000F-4A29-A352-2E305B22A52A}.Release|Any CPU.ActiveCfg = Release|x86
		{21AFF87E-000F-4A29-A352-2E305B22A52A}.Release|Any CPU.Build.0 = Release|x86
		{21AFF87E-000F-4A29-A352-2E305B22A52A}.Release|Any CPU.Deploy.0 = Release|x86
		{21AFF87E-000F-4A29-A352-2E305B22A52A}.Release|ARM.ActiveCfg = Release|ARM
		{21AFF87E-000F-4A29-A352-2E305B22A52A}.Release|ARM.Build.0 = Release|ARM
		{21AFF87E-000F-4A29-A352-2E305B22A52A}.Release|ARM.Deploy.0 = Release|ARM
		{21AFF87E-000F-4A29-A352-2E305B22A52A}.Release|iPhone.ActiveCfg = Release|x86
		{21AFF87E-000F-4A29-A352-2E305B22A52A}.Release|iPhone.Build.0 = Release|x86
		{21AFF87E-000F-4A29-A352-2E305B22A52A}.Release|iPhone.Deploy.0 = Release|x86
		{21AFF87E-000F-4A29-A352-2E305B22A52A}.Release|iPhoneSimulator.ActiveCfg = Release|x86
		{21AFF87E-000F-4A29-A352-2E305B22A52A}.Release|iPhoneSimulator.Build.0 = Release|x86
		{21AFF87E-000F-4A29-A352-2E305B22A52A}.Release|iPhoneSimulator.Deploy.0 = Release|x86
		{21AFF87E-000F-4A29-A352-2E305B22A52A}.Release|x64.ActiveCfg = Release|x64
		{21AFF87E-000F-4A29-A352-2E305B22A52A}.Release|x64.Build.0 = Release|x64
		{21AFF87E-000F-4A29-A352-2E305B22A52A}.Release|x64.Deploy.0 = Release|x64
		{21AFF87E-000F-4A29-A352-2E305B22A52A}.Release|x86.ActiveCfg = Release|x86
		{21AFF87E-000F-4A29-A352-2E305B22A52A}.Release|x86.Build.0 = Release|x86
		{21AFF87E-000F-4A29-A352-2E305B22A52A}.Release|x86.Deploy.0 = Release|x86
		{58B4A6FF-E71C-4EF3-8483-D3AD0BB5FB91}.Ad-Hoc|Any CPU.ActiveCfg = Debug|Any CPU
		{58B4A6FF-E71C-4EF3-8483-D3AD0BB5FB91}.Ad-Hoc|Any CPU.Build.0 = Debug|Any CPU
		{58B4A6FF-E71C-4EF3-8483-D3AD0BB5FB91}.Ad-Hoc|Any CPU.Deploy.0 = Debug|Any CPU
		{58B4A6FF-E71C-4EF3-8483-D3AD0BB5FB91}.Ad-Hoc|ARM.ActiveCfg = Debug|Any CPU
		{58B4A6FF-E71C-4EF3-8483-D3AD0BB5FB91}.Ad-Hoc|ARM.Build.0 = Debug|Any CPU
		{58B4A6FF-E71C-4EF3-8483-D3AD0BB5FB91}.Ad-Hoc|ARM.Deploy.0 = Debug|Any CPU
		{58B4A6FF-E71C-4EF3-8483-D3AD0BB5FB91}.Ad-Hoc|iPhone.ActiveCfg = Debug|Any CPU
		{58B4A6FF-E71C-4EF3-8483-D3AD0BB5FB91}.Ad-Hoc|iPhone.Build.0 = Debug|Any CPU
		{58B4A6FF-E71C-4EF3-8483-D3AD0BB5FB91}.Ad-Hoc|iPhone.Deploy.0 = Debug|Any CPU
		{58B4A6FF-E71C-4EF3-8483-D3AD0BB5FB91}.Ad-Hoc|iPhoneSimulator.ActiveCfg = Debug|Any CPU
		{58B4A6FF-E71C-4EF3-8483-D3AD0BB5FB91}.Ad-Hoc|iPhoneSimulator.Build.0 = Debug|Any CPU
		{58B4A6FF-E71C-4EF3-8483-D3AD0BB5FB91}.Ad-Hoc|iPhoneSimulator.Deploy.0 = Debug|Any CPU
		{58B4A6FF-E71C-4EF3-8483-D3AD0BB5FB91}.Ad-Hoc|x64.ActiveCfg = Debug|Any CPU
		{58B4A6FF-E71C-4EF3-8483-D3AD0BB5FB91}.Ad-Hoc|x64.Build.0 = Debug|Any CPU
		{58B4A6FF-E71C-4EF3-8483-D3AD0BB5FB91}.Ad-Hoc|x64.Deploy.0 = Debug|Any CPU
		{58B4A6FF-E71C-4EF3-8483-D3AD0BB5FB91}.Ad-Hoc|x86.ActiveCfg = Debug|Any CPU
		{58B4A6FF-E71C-4EF3-8483-D3AD0BB5FB91}.Ad-Hoc|x86.Build.0 = Debug|Any CPU
		{58B4A6FF-E71C-4EF3-8483-D3AD0BB5FB91}.Ad-Hoc|x86.Deploy.0 = Debug|Any CPU
		{58B4A6FF-E71C-4EF3-8483-D3AD0BB5FB91}.AppStore|Any CPU.ActiveCfg = Debug|Any CPU
		{58B4A6FF-E71C-4EF3-8483-D3AD0BB5FB91}.AppStore|Any CPU.Build.0 = Debug|Any CPU
		{58B4A6FF-E71C-4EF3-8483-D3AD0BB5FB91}.AppStore|Any CPU.Deploy.0 = Debug|Any CPU
		{58B4A6FF-E71C-4EF3-8483-D3AD0BB5FB91}.AppStore|ARM.ActiveCfg = Debug|Any CPU
		{58B4A6FF-E71C-4EF3-8483-D3AD0BB5FB91}.AppStore|ARM.Build.0 = Debug|Any CPU
		{58B4A6FF-E71C-4EF3-8483-D3AD0BB5FB91}.AppStore|ARM.Deploy.0 = Debug|Any CPU
		{58B4A6FF-E71C-4EF3-8483-D3AD0BB5FB91}.AppStore|iPhone.ActiveCfg = Debug|Any CPU
		{58B4A6FF-E71C-4EF3-8483-D3AD0BB5FB91}.AppStore|iPhone.Build.0 = Debug|Any CPU
		{58B4A6FF-E71C-4EF3-8483-D3AD0BB5FB91}.AppStore|iPhone.Deploy.0 = Debug|Any CPU
		{58B4A6FF-E71C-4EF3-8483-D3AD0BB5FB91}.AppStore|iPhoneSimulator.ActiveCfg = Debug|Any CPU
		{58B4A6FF-E71C-4EF3-8483-D3AD0BB5FB91}.AppStore|iPhoneSimulator.Build.0 = Debug|Any CPU
		{58B4A6FF-E71C-4EF3-8483-D3AD0BB5FB91}.AppStore|iPhoneSimulator.Deploy.0 = Debug|Any CPU
		{58B4A6FF-E71C-4EF3-8483-D3AD0BB5FB91}.AppStore|x64.ActiveCfg = Debug|Any CPU
		{58B4A6FF-E71C-4EF3-8483-D3AD0BB5FB91}.AppStore|x64.Build.0 = Debug|Any CPU
		{58B4A6FF-E71C-4EF3-8483-D3AD0BB5FB91}.AppStore|x64.Deploy.0 = Debug|Any CPU
		{58B4A6FF-E71C-4EF3-8483-D3AD0BB5FB91}.AppStore|x86.ActiveCfg = Debug|Any CPU
		{58B4A6FF-E71C-4EF3-8483-D3AD0BB5FB91}.AppStore|x86.Build.0 = Debug|Any CPU
		{58B4A6FF-E71C-4EF3-8483-D3AD0BB5FB91}.AppStore|x86.Deploy.0 = Debug|Any CPU
		{58B4A6FF-E71C-4EF3-8483-D3AD0BB5FB91}.Debug|Any CPU.ActiveCfg = Debug|Any CPU
		{58B4A6FF-E71C-4EF3-8483-D3AD0BB5FB91}.Debug|Any CPU.Build.0 = Debug|Any CPU
		{58B4A6FF-E71C-4EF3-8483-D3AD0BB5FB91}.Debug|Any CPU.Deploy.0 = Debug|Any CPU
		{58B4A6FF-E71C-4EF3-8483-D3AD0BB5FB91}.Debug|ARM.ActiveCfg = Debug|Any CPU
		{58B4A6FF-E71C-4EF3-8483-D3AD0BB5FB91}.Debug|ARM.Build.0 = Debug|Any CPU
		{58B4A6FF-E71C-4EF3-8483-D3AD0BB5FB91}.Debug|ARM.Deploy.0 = Debug|Any CPU
		{58B4A6FF-E71C-4EF3-8483-D3AD0BB5FB91}.Debug|iPhone.ActiveCfg = Debug|Any CPU
		{58B4A6FF-E71C-4EF3-8483-D3AD0BB5FB91}.Debug|iPhone.Build.0 = Debug|Any CPU
		{58B4A6FF-E71C-4EF3-8483-D3AD0BB5FB91}.Debug|iPhone.Deploy.0 = Debug|Any CPU
		{58B4A6FF-E71C-4EF3-8483-D3AD0BB5FB91}.Debug|iPhoneSimulator.ActiveCfg = Debug|Any CPU
		{58B4A6FF-E71C-4EF3-8483-D3AD0BB5FB91}.Debug|iPhoneSimulator.Build.0 = Debug|Any CPU
		{58B4A6FF-E71C-4EF3-8483-D3AD0BB5FB91}.Debug|iPhoneSimulator.Deploy.0 = Debug|Any CPU
		{58B4A6FF-E71C-4EF3-8483-D3AD0BB5FB91}.Debug|x64.ActiveCfg = Debug|Any CPU
		{58B4A6FF-E71C-4EF3-8483-D3AD0BB5FB91}.Debug|x64.Build.0 = Debug|Any CPU
		{58B4A6FF-E71C-4EF3-8483-D3AD0BB5FB91}.Debug|x64.Deploy.0 = Debug|Any CPU
		{58B4A6FF-E71C-4EF3-8483-D3AD0BB5FB91}.Debug|x86.ActiveCfg = Debug|Any CPU
		{58B4A6FF-E71C-4EF3-8483-D3AD0BB5FB91}.Debug|x86.Build.0 = Debug|Any CPU
		{58B4A6FF-E71C-4EF3-8483-D3AD0BB5FB91}.Debug|x86.Deploy.0 = Debug|Any CPU
		{58B4A6FF-E71C-4EF3-8483-D3AD0BB5FB91}.Release|Any CPU.ActiveCfg = Release|Any CPU
		{58B4A6FF-E71C-4EF3-8483-D3AD0BB5FB91}.Release|Any CPU.Build.0 = Release|Any CPU
		{58B4A6FF-E71C-4EF3-8483-D3AD0BB5FB91}.Release|Any CPU.Deploy.0 = Release|Any CPU
		{58B4A6FF-E71C-4EF3-8483-D3AD0BB5FB91}.Release|ARM.ActiveCfg = Release|Any CPU
		{58B4A6FF-E71C-4EF3-8483-D3AD0BB5FB91}.Release|ARM.Build.0 = Release|Any CPU
		{58B4A6FF-E71C-4EF3-8483-D3AD0BB5FB91}.Release|ARM.Deploy.0 = Release|Any CPU
		{58B4A6FF-E71C-4EF3-8483-D3AD0BB5FB91}.Release|iPhone.ActiveCfg = Release|Any CPU
		{58B4A6FF-E71C-4EF3-8483-D3AD0BB5FB91}.Release|iPhone.Build.0 = Release|Any CPU
		{58B4A6FF-E71C-4EF3-8483-D3AD0BB5FB91}.Release|iPhone.Deploy.0 = Release|Any CPU
		{58B4A6FF-E71C-4EF3-8483-D3AD0BB5FB91}.Release|iPhoneSimulator.ActiveCfg = Release|Any CPU
		{58B4A6FF-E71C-4EF3-8483-D3AD0BB5FB91}.Release|iPhoneSimulator.Build.0 = Release|Any CPU
		{58B4A6FF-E71C-4EF3-8483-D3AD0BB5FB91}.Release|iPhoneSimulator.Deploy.0 = Release|Any CPU
		{58B4A6FF-E71C-4EF3-8483-D3AD0BB5FB91}.Release|x64.ActiveCfg = Release|Any CPU
		{58B4A6FF-E71C-4EF3-8483-D3AD0BB5FB91}.Release|x64.Build.0 = Release|Any CPU
		{58B4A6FF-E71C-4EF3-8483-D3AD0BB5FB91}.Release|x64.Deploy.0 = Release|Any CPU
		{58B4A6FF-E71C-4EF3-8483-D3AD0BB5FB91}.Release|x86.ActiveCfg = Release|Any CPU
		{58B4A6FF-E71C-4EF3-8483-D3AD0BB5FB91}.Release|x86.Build.0 = Release|Any CPU
		{58B4A6FF-E71C-4EF3-8483-D3AD0BB5FB91}.Release|x86.Deploy.0 = Release|Any CPU
	EndGlobalSection
	GlobalSection(SolutionProperties) = preSolution
		HideSolutionNode = FALSE
	EndGlobalSection
	GlobalSection(ExtensibilityGlobals) = postSolution
		SolutionGuid = {086F0368-2964-4A0A-8499-AE11DD735793}
	EndGlobalSection
EndGlobal
